// !$*UTF8*$!
{
	archiveVersion = 1;
	classes = {
	};
	objectVersion = 55;
	objects = {

/* Begin PBXBuildFile section */
		99894B2B9DC1E6232FDB4642 /* Pods_CobyMemo.framework in Frameworks */ = {isa = PBXBuildFile; fileRef = 3835744CF7AF520691B6EE21 /* Pods_CobyMemo.framework */; };
		CB7071022AAAD6A000E9C56F /* AppDelegate.swift in Sources */ = {isa = PBXBuildFile; fileRef = CB7071012AAAD6A000E9C56F /* AppDelegate.swift */; };
		CB7071042AAAD6A000E9C56F /* SceneDelegate.swift in Sources */ = {isa = PBXBuildFile; fileRef = CB7071032AAAD6A000E9C56F /* SceneDelegate.swift */; };
		CB7071092AAAD6A000E9C56F /* Main.storyboard in Resources */ = {isa = PBXBuildFile; fileRef = CB7071072AAAD6A000E9C56F /* Main.storyboard */; };
		CB70710C2AAAD6A000E9C56F /* CobyMemo.xcdatamodeld in Sources */ = {isa = PBXBuildFile; fileRef = CB70710A2AAAD6A000E9C56F /* CobyMemo.xcdatamodeld */; };
		CB70710E2AAAD6A000E9C56F /* Assets.xcassets in Resources */ = {isa = PBXBuildFile; fileRef = CB70710D2AAAD6A000E9C56F /* Assets.xcassets */; };
		CB7071112AAAD6A000E9C56F /* LaunchScreen.storyboard in Resources */ = {isa = PBXBuildFile; fileRef = CB70710F2AAAD6A000E9C56F /* LaunchScreen.storyboard */; };
		CB915C722AAADB30009806FB /* Memo.swift in Sources */ = {isa = PBXBuildFile; fileRef = CB915C712AAADB30009806FB /* Memo.swift */; };
/* End PBXBuildFile section */

/* Begin PBXFileReference section */
		06113570728E973D7503FA08 /* Pods-CobyMemo.debug.xcconfig */ = {isa = PBXFileReference; includeInIndex = 1; lastKnownFileType = text.xcconfig; name = "Pods-CobyMemo.debug.xcconfig"; path = "Target Support Files/Pods-CobyMemo/Pods-CobyMemo.debug.xcconfig"; sourceTree = "<group>"; };
		3835744CF7AF520691B6EE21 /* Pods_CobyMemo.framework */ = {isa = PBXFileReference; explicitFileType = wrapper.framework; includeInIndex = 0; path = Pods_CobyMemo.framework; sourceTree = BUILT_PRODUCTS_DIR; };
		C96097259B87302971D106B9 /* Pods-CobyMemo.release.xcconfig */ = {isa = PBXFileReference; includeInIndex = 1; lastKnownFileType = text.xcconfig; name = "Pods-CobyMemo.release.xcconfig"; path = "Target Support Files/Pods-CobyMemo/Pods-CobyMemo.release.xcconfig"; sourceTree = "<group>"; };
		CB7070FE2AAAD6A000E9C56F /* CobyMemo.app */ = {isa = PBXFileReference; explicitFileType = wrapper.application; includeInIndex = 0; path = CobyMemo.app; sourceTree = BUILT_PRODUCTS_DIR; };
		CB7071012AAAD6A000E9C56F /* AppDelegate.swift */ = {isa = PBXFileReference; lastKnownFileType = sourcecode.swift; path = AppDelegate.swift; sourceTree = "<group>"; };
		CB7071032AAAD6A000E9C56F /* SceneDelegate.swift */ = {isa = PBXFileReference; lastKnownFileType = sourcecode.swift; path = SceneDelegate.swift; sourceTree = "<group>"; };
		CB7071082AAAD6A000E9C56F /* Base */ = {isa = PBXFileReference; lastKnownFileType = file.storyboard; name = Base; path = Base.lproj/Main.storyboard; sourceTree = "<group>"; };
		CB70710B2AAAD6A000E9C56F /* CobyMemo.xcdatamodel */ = {isa = PBXFileReference; lastKnownFileType = wrapper.xcdatamodel; path = CobyMemo.xcdatamodel; sourceTree = "<group>"; };
		CB70710D2AAAD6A000E9C56F /* Assets.xcassets */ = {isa = PBXFileReference; lastKnownFileType = folder.assetcatalog; path = Assets.xcassets; sourceTree = "<group>"; };
		CB7071102AAAD6A000E9C56F /* Base */ = {isa = PBXFileReference; lastKnownFileType = file.storyboard; name = Base; path = Base.lproj/LaunchScreen.storyboard; sourceTree = "<group>"; };
		CB7071122AAAD6A000E9C56F /* Info.plist */ = {isa = PBXFileReference; lastKnownFileType = text.plist.xml; path = Info.plist; sourceTree = "<group>"; };
		CB915C712AAADB30009806FB /* Memo.swift */ = {isa = PBXFileReference; lastKnownFileType = sourcecode.swift; path = Memo.swift; sourceTree = "<group>"; };
/* End PBXFileReference section */

/* Begin PBXFrameworksBuildPhase section */
		CB7070FB2AAAD6A000E9C56F /* Frameworks */ = {
			isa = PBXFrameworksBuildPhase;
			buildActionMask = 2147483647;
			files = (
				99894B2B9DC1E6232FDB4642 /* Pods_CobyMemo.framework in Frameworks */,
			);
			runOnlyForDeploymentPostprocessing = 0;
		};
/* End PBXFrameworksBuildPhase section */

/* Begin PBXGroup section */
		504DCFFE4BCED972E827E423 /* Pods */ = {
			isa = PBXGroup;
			children = (
				06113570728E973D7503FA08 /* Pods-CobyMemo.debug.xcconfig */,
				C96097259B87302971D106B9 /* Pods-CobyMemo.release.xcconfig */,
			);
			path = Pods;
			sourceTree = "<group>";
		};
		A93955E1259A6AE487446C95 /* Frameworks */ = {
			isa = PBXGroup;
			children = (
				3835744CF7AF520691B6EE21 /* Pods_CobyMemo.framework */,
			);
			name = Frameworks;
			sourceTree = "<group>";
		};
		CB7070F52AAAD6A000E9C56F = {
			isa = PBXGroup;
			children = (
				CB7071002AAAD6A000E9C56F /* CobyMemo */,
				CB7070FF2AAAD6A000E9C56F /* Products */,
				504DCFFE4BCED972E827E423 /* Pods */,
				A93955E1259A6AE487446C95 /* Frameworks */,
			);
			sourceTree = "<group>";
		};
		CB7070FF2AAAD6A000E9C56F /* Products */ = {
			isa = PBXGroup;
			children = (
				CB7070FE2AAAD6A000E9C56F /* CobyMemo.app */,
			);
			name = Products;
			sourceTree = "<group>";
		};
		CB7071002AAAD6A000E9C56F /* CobyMemo */ = {
			isa = PBXGroup;
			children = (
				CB915C702AAADAC9009806FB /* Scene */,
				CB915C6F2AAADABF009806FB /* Service */,
				CB915C6E2AAADAB9009806FB /* ViewModoel */,
				CB915C6D2AAADAB1009806FB /* ViewController */,
				CB915C6C2AAADAA6009806FB /* Model */,
				CB7071012AAAD6A000E9C56F /* AppDelegate.swift */,
				CB7071032AAAD6A000E9C56F /* SceneDelegate.swift */,
				CB70710D2AAAD6A000E9C56F /* Assets.xcassets */,
				CB7071122AAAD6A000E9C56F /* Info.plist */,
				CB70710A2AAAD6A000E9C56F /* CobyMemo.xcdatamodeld */,
			);
			path = CobyMemo;
			sourceTree = "<group>";
		};
		CB915C6C2AAADAA6009806FB /* Model */ = {
			isa = PBXGroup;
			children = (
				CB915C712AAADB30009806FB /* Memo.swift */,
			);
			path = Model;
			sourceTree = "<group>";
		};
		CB915C6D2AAADAB1009806FB /* ViewController */ = {
			isa = PBXGroup;
			children = (
				CB7071072AAAD6A000E9C56F /* Main.storyboard */,
				CB70710F2AAAD6A000E9C56F /* LaunchScreen.storyboard */,
			);
			path = ViewController;
			sourceTree = "<group>";
		};
		CB915C6E2AAADAB9009806FB /* ViewModoel */ = {
			isa = PBXGroup;
			children = (
			);
			path = ViewModoel;
			sourceTree = "<group>";
		};
		CB915C6F2AAADABF009806FB /* Service */ = {
			isa = PBXGroup;
			children = (
			);
			path = Service;
			sourceTree = "<group>";
		};
		CB915C702AAADAC9009806FB /* Scene */ = {
			isa = PBXGroup;
			children = (
			);
			path = Scene;
			sourceTree = "<group>";
		};
/* End PBXGroup section */

/* Begin PBXNativeTarget section */
		CB7070FD2AAAD6A000E9C56F /* CobyMemo */ = {
			isa = PBXNativeTarget;
			buildConfigurationList = CB7071152AAAD6A000E9C56F /* Build configuration list for PBXNativeTarget "CobyMemo" */;
			buildPhases = (
				D4FAB154C33A10E4CC937465 /* [CP] Check Pods Manifest.lock */,
				CB7070FA2AAAD6A000E9C56F /* Sources */,
				CB7070FB2AAAD6A000E9C56F /* Frameworks */,
				CB7070FC2AAAD6A000E9C56F /* Resources */,
				84363C0E9BE7FD1820183E72 /* [CP] Embed Pods Frameworks */,
			);
			buildRules = (
			);
			dependencies = (
			);
			name = CobyMemo;
			productName = CobyMemo;
			productReference = CB7070FE2AAAD6A000E9C56F /* CobyMemo.app */;
			productType = "com.apple.product-type.application";
		};
/* End PBXNativeTarget section */

/* Begin PBXProject section */
		CB7070F62AAAD6A000E9C56F /* Project object */ = {
			isa = PBXProject;
			attributes = {
				BuildIndependentTargetsInParallel = 1;
				LastSwiftUpdateCheck = 1430;
				LastUpgradeCheck = 1430;
				TargetAttributes = {
					CB7070FD2AAAD6A000E9C56F = {
						CreatedOnToolsVersion = 14.3.1;
					};
				};
			};
			buildConfigurationList = CB7070F92AAAD6A000E9C56F /* Build configuration list for PBXProject "CobyMemo" */;
			compatibilityVersion = "Xcode 13.0";
			developmentRegion = en;
			hasScannedForEncodings = 0;
			knownRegions = (
				en,
				Base,
			);
			mainGroup = CB7070F52AAAD6A000E9C56F;
			productRefGroup = CB7070FF2AAAD6A000E9C56F /* Products */;
			projectDirPath = "";
			projectRoot = "";
			targets = (
				CB7070FD2AAAD6A000E9C56F /* CobyMemo */,
			);
		};
/* End PBXProject section */

/* Begin PBXResourcesBuildPhase section */
		CB7070FC2AAAD6A000E9C56F /* Resources */ = {
			isa = PBXResourcesBuildPhase;
			buildActionMask = 2147483647;
			files = (
				CB7071112AAAD6A000E9C56F /* LaunchScreen.storyboard in Resources */,
				CB70710E2AAAD6A000E9C56F /* Assets.xcassets in Resources */,
				CB7071092AAAD6A000E9C56F /* Main.storyboard in Resources */,
			);
			runOnlyForDeploymentPostprocessing = 0;
		};
/* End PBXResourcesBuildPhase section */

/* Begin PBXShellScriptBuildPhase section */
		84363C0E9BE7FD1820183E72 /* [CP] Embed Pods Frameworks */ = {
			isa = PBXShellScriptBuildPhase;
			buildActionMask = 2147483647;
			files = (
			);
			inputFileListPaths = (
				"${PODS_ROOT}/Target Support Files/Pods-CobyMemo/Pods-CobyMemo-frameworks-${CONFIGURATION}-input-files.xcfilelist",
			);
			name = "[CP] Embed Pods Frameworks";
			outputFileListPaths = (
				"${PODS_ROOT}/Target Support Files/Pods-CobyMemo/Pods-CobyMemo-frameworks-${CONFIGURATION}-output-files.xcfilelist",
			);
			runOnlyForDeploymentPostprocessing = 0;
			shellPath = /bin/sh;
			shellScript = "\"${PODS_ROOT}/Target Support Files/Pods-CobyMemo/Pods-CobyMemo-frameworks.sh\"\n";
			showEnvVarsInLog = 0;
		};
		D4FAB154C33A10E4CC937465 /* [CP] Check Pods Manifest.lock */ = {
			isa = PBXShellScriptBuildPhase;
			buildActionMask = 2147483647;
			files = (
			);
			inputFileListPaths = (
			);
			inputPaths = (
				"${PODS_PODFILE_DIR_PATH}/Podfile.lock",
				"${PODS_ROOT}/Manifest.lock",
			);
			name = "[CP] Check Pods Manifest.lock";
			outputFileListPaths = (
			);
			outputPaths = (
				"$(DERIVED_FILE_DIR)/Pods-CobyMemo-checkManifestLockResult.txt",
			);
			runOnlyForDeploymentPostprocessing = 0;
			shellPath = /bin/sh;
			shellScript = "diff \"${PODS_PODFILE_DIR_PATH}/Podfile.lock\" \"${PODS_ROOT}/Manifest.lock\" > /dev/null\nif [ $? != 0 ] ; then\n    # print error to STDERR\n    echo \"error: The sandbox is not in sync with the Podfile.lock. Run 'pod install' or update your CocoaPods installation.\" >&2\n    exit 1\nfi\n# This output is used by Xcode 'outputs' to avoid re-running this script phase.\necho \"SUCCESS\" > \"${SCRIPT_OUTPUT_FILE_0}\"\n";
			showEnvVarsInLog = 0;
		};
/* End PBXShellScriptBuildPhase section */

/* Begin PBXSourcesBuildPhase section */
		CB7070FA2AAAD6A000E9C56F /* Sources */ = {
			isa = PBXSourcesBuildPhase;
			buildActionMask = 2147483647;
			files = (
				CB70710C2AAAD6A000E9C56F /* CobyMemo.xcdatamodeld in Sources */,
				CB7071022AAAD6A000E9C56F /* AppDelegate.swift in Sources */,
				CB7071042AAAD6A000E9C56F /* SceneDelegate.swift in Sources */,
				CB915C722AAADB30009806FB /* Memo.swift in Sources */,
			);
			runOnlyForDeploymentPostprocessing = 0;
		};
/* End PBXSourcesBuildPhase section */

/* Begin PBXVariantGroup section */
		CB7071072AAAD6A000E9C56F /* Main.storyboard */ = {
			isa = PBXVariantGroup;
			children = (
				CB7071082AAAD6A000E9C56F /* Base */,
			);
			name = Main.storyboard;
			sourceTree = "<group>";
		};
		CB70710F2AAAD6A000E9C56F /* LaunchScreen.storyboard */ = {
			isa = PBXVariantGroup;
			children = (
				CB7071102AAAD6A000E9C56F /* Base */,
			);
			name = LaunchScreen.storyboard;
			sourceTree = "<group>";
		};
/* End PBXVariantGroup section */

/* Begin XCBuildConfiguration section */
		CB7071132AAAD6A000E9C56F /* Debug */ = {
			isa = XCBuildConfiguration;
			buildSettings = {
				ALWAYS_SEARCH_USER_PATHS = NO;
				CLANG_ANALYZER_NONNULL = YES;
				CLANG_ANALYZER_NUMBER_OBJECT_CONVERSION = YES_AGGRESSIVE;
				CLANG_CXX_LANGUAGE_STANDARD = "gnu++20";
				CLANG_ENABLE_MODULES = YES;
				CLANG_ENABLE_OBJC_ARC = YES;
				CLANG_ENABLE_OBJC_WEAK = YES;
				CLANG_WARN_BLOCK_CAPTURE_AUTORELEASING = YES;
				CLANG_WARN_BOOL_CONVERSION = YES;
				CLANG_WARN_COMMA = YES;
				CLANG_WARN_CONSTANT_CONVERSION = YES;
				CLANG_WARN_DEPRECATED_OBJC_IMPLEMENTATIONS = YES;
				CLANG_WARN_DIRECT_OBJC_ISA_USAGE = YES_ERROR;
				CLANG_WARN_DOCUMENTATION_COMMENTS = YES;
				CLANG_WARN_EMPTY_BODY = YES;
				CLANG_WARN_ENUM_CONVERSION = YES;
				CLANG_WARN_INFINITE_RECURSION = YES;
				CLANG_WARN_INT_CONVERSION = YES;
				CLANG_WARN_NON_LITERAL_NULL_CONVERSION = YES;
				CLANG_WARN_OBJC_IMPLICIT_RETAIN_SELF = YES;
				CLANG_WARN_OBJC_LITERAL_CONVERSION = YES;
				CLANG_WARN_OBJC_ROOT_CLASS = YES_ERROR;
				CLANG_WARN_QUOTED_INCLUDE_IN_FRAMEWORK_HEADER = YES;
				CLANG_WARN_RANGE_LOOP_ANALYSIS = YES;
				CLANG_WARN_STRICT_PROTOTYPES = YES;
				CLANG_WARN_SUSPICIOUS_MOVE = YES;
				CLANG_WARN_UNGUARDED_AVAILABILITY = YES_AGGRESSIVE;
				CLANG_WARN_UNREACHABLE_CODE = YES;
				CLANG_WARN__DUPLICATE_METHOD_MATCH = YES;
				COPY_PHASE_STRIP = NO;
				DEBUG_INFORMATION_FORMAT = dwarf;
				ENABLE_STRICT_OBJC_MSGSEND = YES;
				ENABLE_TESTABILITY = YES;
				GCC_C_LANGUAGE_STANDARD = gnu11;
				GCC_DYNAMIC_NO_PIC = NO;
				GCC_NO_COMMON_BLOCKS = YES;
				GCC_OPTIMIZATION_LEVEL = 0;
				GCC_PREPROCESSOR_DEFINITIONS = (
					"DEBUG=1",
					"$(inherited)",
				);
				GCC_WARN_64_TO_32_BIT_CONVERSION = YES;
				GCC_WARN_ABOUT_RETURN_TYPE = YES_ERROR;
				GCC_WARN_UNDECLARED_SELECTOR = YES;
				GCC_WARN_UNINITIALIZED_AUTOS = YES_AGGRESSIVE;
				GCC_WARN_UNUSED_FUNCTION = YES;
				GCC_WARN_UNUSED_VARIABLE = YES;
				IPHONEOS_DEPLOYMENT_TARGET = 16.4;
				MTL_ENABLE_DEBUG_INFO = INCLUDE_SOURCE;
				MTL_FAST_MATH = YES;
				ONLY_ACTIVE_ARCH = YES;
				SDKROOT = iphoneos;
				SWIFT_ACTIVE_COMPILATION_CONDITIONS = DEBUG;
				SWIFT_OPTIMIZATION_LEVEL = "-Onone";
			};
			name = Debug;
		};
		CB7071142AAAD6A000E9C56F /* Release */ = {
			isa = XCBuildConfiguration;
			buildSettings = {
				ALWAYS_SEARCH_USER_PATHS = NO;
				CLANG_ANALYZER_NONNULL = YES;
				CLANG_ANALYZER_NUMBER_OBJECT_CONVERSION = YES_AGGRESSIVE;
				CLANG_CXX_LANGUAGE_STANDARD = "gnu++20";
				CLANG_ENABLE_MODULES = YES;
				CLANG_ENABLE_OBJC_ARC = YES;
				CLANG_ENABLE_OBJC_WEAK = YES;
				CLANG_WARN_BLOCK_CAPTURE_AUTORELEASING = YES;
				CLANG_WARN_BOOL_CONVERSION = YES;
				CLANG_WARN_COMMA = YES;
				CLANG_WARN_CONSTANT_CONVERSION = YES;
				CLANG_WARN_DEPRECATED_OBJC_IMPLEMENTATIONS = YES;
				CLANG_WARN_DIRECT_OBJC_ISA_USAGE = YES_ERROR;
				CLANG_WARN_DOCUMENTATION_COMMENTS = YES;
				CLANG_WARN_EMPTY_BODY = YES;
				CLANG_WARN_ENUM_CONVERSION = YES;
				CLANG_WARN_INFINITE_RECURSION = YES;
				CLANG_WARN_INT_CONVERSION = YES;
				CLANG_WARN_NON_LITERAL_NULL_CONVERSION = YES;
				CLANG_WARN_OBJC_IMPLICIT_RETAIN_SELF = YES;
				CLANG_WARN_OBJC_LITERAL_CONVERSION = YES;
				CLANG_WARN_OBJC_ROOT_CLASS = YES_ERROR;
				CLANG_WARN_QUOTED_INCLUDE_IN_FRAMEWORK_HEADER = YES;
				CLANG_WARN_RANGE_LOOP_ANALYSIS = YES;
				CLANG_WARN_STRICT_PROTOTYPES = YES;
				CLANG_WARN_SUSPICIOUS_MOVE = YES;
				CLANG_WARN_UNGUARDED_AVAILABILITY = YES_AGGRESSIVE;
				CLANG_WARN_UNREACHABLE_CODE = YES;
				CLANG_WARN__DUPLICATE_METHOD_MATCH = YES;
				COPY_PHASE_STRIP = NO;
				DEBUG_INFORMATION_FORMAT = "dwarf-with-dsym";
				ENABLE_NS_ASSERTIONS = NO;
				ENABLE_STRICT_OBJC_MSGSEND = YES;
				GCC_C_LANGUAGE_STANDARD = gnu11;
				GCC_NO_COMMON_BLOCKS = YES;
				GCC_WARN_64_TO_32_BIT_CONVERSION = YES;
				GCC_WARN_ABOUT_RETURN_TYPE = YES_ERROR;
				GCC_WARN_UNDECLARED_SELECTOR = YES;
				GCC_WARN_UNINITIALIZED_AUTOS = YES_AGGRESSIVE;
				GCC_WARN_UNUSED_FUNCTION = YES;
				GCC_WARN_UNUSED_VARIABLE = YES;
				IPHONEOS_DEPLOYMENT_TARGET = 16.4;
				MTL_ENABLE_DEBUG_INFO = NO;
				MTL_FAST_MATH = YES;
				SDKROOT = iphoneos;
				SWIFT_COMPILATION_MODE = wholemodule;
				SWIFT_OPTIMIZATION_LEVEL = "-O";
				VALIDATE_PRODUCT = YES;
			};
			name = Release;
		};
		CB7071162AAAD6A000E9C56F /* Debug */ = {
			isa = XCBuildConfiguration;
			baseConfigurationReference = 06113570728E973D7503FA08 /* Pods-CobyMemo.debug.xcconfig */;
			buildSettings = {
				ASSETCATALOG_COMPILER_APPICON_NAME = AppIcon;
				ASSETCATALOG_COMPILER_GLOBAL_ACCENT_COLOR_NAME = AccentColor;
				CODE_SIGN_STYLE = Automatic;
				CURRENT_PROJECT_VERSION = 1;
				DEVELOPMENT_TEAM = 3Y8YH8GWMM;
				GENERATE_INFOPLIST_FILE = YES;
				INFOPLIST_FILE = CobyMemo/Info.plist;
				INFOPLIST_KEY_UIApplicationSupportsIndirectInputEvents = YES;
				INFOPLIST_KEY_UILaunchStoryboardName = LaunchScreen;
				INFOPLIST_KEY_UIMainStoryboardFile = Main;
				IPHONEOS_DEPLOYMENT_TARGET = 13.0;
				LD_RUNPATH_SEARCH_PATHS = (
					"$(inherited)",
					"@executable_path/Frameworks",
				);
				MARKETING_VERSION = 1.0;
				PRODUCT_BUNDLE_IDENTIFIER = com.coby.CobyMemo;
				PRODUCT_NAME = "$(TARGET_NAME)";
				SUPPORTED_PLATFORMS = "iphoneos iphonesimulator";
				SUPPORTS_MACCATALYST = NO;
				SUPPORTS_MAC_DESIGNED_FOR_IPHONE_IPAD = NO;
				SWIFT_EMIT_LOC_STRINGS = YES;
				SWIFT_VERSION = 5.0;
				TARGETED_DEVICE_FAMILY = "1,2";
			};
			name = Debug;
		};
		CB7071172AAAD6A000E9C56F /* Release */ = {
			isa = XCBuildConfiguration;
			baseConfigurationReference = C96097259B87302971D106B9 /* Pods-CobyMemo.release.xcconfig */;
			buildSettings = {
				ASSETCATALOG_COMPILER_APPICON_NAME = AppIcon;
				ASSETCATALOG_COMPILER_GLOBAL_ACCENT_COLOR_NAME = AccentColor;
				CODE_SIGN_STYLE = Automatic;
				CURRENT_PROJECT_VERSION = 1;
				DEVELOPMENT_TEAM = 3Y8YH8GWMM;
				GENERATE_INFOPLIST_FILE = YES;
				INFOPLIST_FILE = CobyMemo/Info.plist;
				INFOPLIST_KEY_UIApplicationSupportsIndirectInputEvents = YES;
				INFOPLIST_KEY_UILaunchStoryboardName = LaunchScreen;
				INFOPLIST_KEY_UIMainStoryboardFile = Main;
				IPHONEOS_DEPLOYMENT_TARGET = 13.0;
				LD_RUNPATH_SEARCH_PATHS = (
					"$(inherited)",
					"@executable_path/Frameworks",
				);
				MARKETING_VERSION = 1.0;
				PRODUCT_BUNDLE_IDENTIFIER = com.coby.CobyMemo;
				PRODUCT_NAME = "$(TARGET_NAME)";
				SUPPORTED_PLATFORMS = "iphoneos iphonesimulator";
				SUPPORTS_MACCATALYST = NO;
				SUPPORTS_MAC_DESIGNED_FOR_IPHONE_IPAD = NO;
				SWIFT_EMIT_LOC_STRINGS = YES;
				SWIFT_VERSION = 5.0;
				TARGETED_DEVICE_FAMILY = "1,2";
			};
			name = Release;
		};
/* End XCBuildConfiguration section */

/* Begin XCConfigurationList section */
		CB7070F92AAAD6A000E9C56F /* Build configuration list for PBXProject "CobyMemo" */ = {
			isa = XCConfigurationList;
			buildConfigurations = (
				CB7071132AAAD6A000E9C56F /* Debug */,
				CB7071142AAAD6A000E9C56F /* Release */,
			);
			defaultConfigurationIsVisible = 0;
			defaultConfigurationName = Release;
		};
		CB7071152AAAD6A000E9C56F /* Build configuration list for PBXNativeTarget "CobyMemo" */ = {
			isa = XCConfigurationList;
			buildConfigurations = (
				CB7071162AAAD6A000E9C56F /* Debug */,
				CB7071172AAAD6A000E9C56F /* Release */,
			);
			defaultConfigurationIsVisible = 0;
			defaultConfigurationName = Release;
		};
/* End XCConfigurationList section */

/* Begin XCVersionGroup section */
		CB70710A2AAAD6A000E9C56F /* CobyMemo.xcdatamodeld */ = {
			isa = XCVersionGroup;
			children = (
				CB70710B2AAAD6A000E9C56F /* CobyMemo.xcdatamodel */,
			);
			currentVersion = CB70710B2AAAD6A000E9C56F /* CobyMemo.xcdatamodel */;
			path = CobyMemo.xcdatamodeld;
			sourceTree = "<group>";
			versionGroupType = wrapper.xcdatamodel;
		};
/* End XCVersionGroup section */
	};
	rootObject = CB7070F62AAAD6A000E9C56F /* Project object */;
}
